// !$*UTF8*$!
{
	archiveVersion = 1;
	classes = {
	};
	objectVersion = 56;
	objects = {

/* Begin PBXBuildFile section */
		150FF3192C2DFC2500FA0C55 /* AppDelegate.swift in Sources */ = {isa = PBXBuildFile; fileRef = 150FF3182C2DFC2500FA0C55 /* AppDelegate.swift */; };
		150FF31B2C2DFC2500FA0C55 /* SceneDelegate.swift in Sources */ = {isa = PBXBuildFile; fileRef = 150FF31A2C2DFC2500FA0C55 /* SceneDelegate.swift */; };
		150FF3222C2DFC2600FA0C55 /* Assets.xcassets in Resources */ = {isa = PBXBuildFile; fileRef = 150FF3212C2DFC2600FA0C55 /* Assets.xcassets */; };
		150FF3252C2DFC2600FA0C55 /* Base in Resources */ = {isa = PBXBuildFile; fileRef = 150FF3242C2DFC2600FA0C55 /* Base */; };
		150FF32D2C2E06AA00FA0C55 /* SearchVC.swift in Sources */ = {isa = PBXBuildFile; fileRef = 150FF32C2C2E06AA00FA0C55 /* SearchVC.swift */; };
		150FF32F2C2E164900FA0C55 /* FavoritesListVC.swift in Sources */ = {isa = PBXBuildFile; fileRef = 150FF32E2C2E164900FA0C55 /* FavoritesListVC.swift */; };
		150FF3312C2E27F100FA0C55 /* GFButton.swift in Sources */ = {isa = PBXBuildFile; fileRef = 150FF3302C2E27F100FA0C55 /* GFButton.swift */; };
		150FF3332C2E59AD00FA0C55 /* GFTextField.swift in Sources */ = {isa = PBXBuildFile; fileRef = 150FF3322C2E59AD00FA0C55 /* GFTextField.swift */; };
		154D08982C30893B007DCEB1 /* FollowerListVC.swift in Sources */ = {isa = PBXBuildFile; fileRef = 154D08972C30893B007DCEB1 /* FollowerListVC.swift */; };
		156C384F2C3200EA00FB164B /* UIViewController+Ext.swift in Sources */ = {isa = PBXBuildFile; fileRef = 156C384E2C3200EA00FB164B /* UIViewController+Ext.swift */; };
		1575295A2C33409A0088A516 /* Follower.swift in Sources */ = {isa = PBXBuildFile; fileRef = 157529592C33409A0088A516 /* Follower.swift */; };
		1575295C2C3341620088A516 /* User.swift in Sources */ = {isa = PBXBuildFile; fileRef = 1575295B2C3341620088A516 /* User.swift */; };
		1577F50D2C30E50D0090CEEC /* GFTitleLabel.swift in Sources */ = {isa = PBXBuildFile; fileRef = 1577F50C2C30E50D0090CEEC /* GFTitleLabel.swift */; };
		1577F50F2C30E6BF0090CEEC /* GFBodyLabel.swift in Sources */ = {isa = PBXBuildFile; fileRef = 1577F50E2C30E6BF0090CEEC /* GFBodyLabel.swift */; };
		1577F5112C30E7A60090CEEC /* GFAlertVC.swift in Sources */ = {isa = PBXBuildFile; fileRef = 1577F5102C30E7A60090CEEC /* GFAlertVC.swift */; };
/* End PBXBuildFile section */

/* Begin PBXFileReference section */
		150FF3152C2DFC2500FA0C55 /* GitHubFollowers.app */ = {isa = PBXFileReference; explicitFileType = wrapper.application; includeInIndex = 0; path = GitHubFollowers.app; sourceTree = BUILT_PRODUCTS_DIR; };
		150FF3182C2DFC2500FA0C55 /* AppDelegate.swift */ = {isa = PBXFileReference; lastKnownFileType = sourcecode.swift; path = AppDelegate.swift; sourceTree = "<group>"; };
		150FF31A2C2DFC2500FA0C55 /* SceneDelegate.swift */ = {isa = PBXFileReference; lastKnownFileType = sourcecode.swift; path = SceneDelegate.swift; sourceTree = "<group>"; };
		150FF3212C2DFC2600FA0C55 /* Assets.xcassets */ = {isa = PBXFileReference; lastKnownFileType = folder.assetcatalog; path = Assets.xcassets; sourceTree = "<group>"; };
		150FF3242C2DFC2600FA0C55 /* Base */ = {isa = PBXFileReference; lastKnownFileType = file.storyboard; name = Base; path = Base.lproj/LaunchScreen.storyboard; sourceTree = "<group>"; };
		150FF3262C2DFC2600FA0C55 /* Info.plist */ = {isa = PBXFileReference; lastKnownFileType = text.plist.xml; path = Info.plist; sourceTree = "<group>"; };
		150FF32C2C2E06AA00FA0C55 /* SearchVC.swift */ = {isa = PBXFileReference; lastKnownFileType = sourcecode.swift; path = SearchVC.swift; sourceTree = "<group>"; };
		150FF32E2C2E164900FA0C55 /* FavoritesListVC.swift */ = {isa = PBXFileReference; lastKnownFileType = sourcecode.swift; path = FavoritesListVC.swift; sourceTree = "<group>"; };
		150FF3302C2E27F100FA0C55 /* GFButton.swift */ = {isa = PBXFileReference; lastKnownFileType = sourcecode.swift; path = GFButton.swift; sourceTree = "<group>"; };
		150FF3322C2E59AD00FA0C55 /* GFTextField.swift */ = {isa = PBXFileReference; lastKnownFileType = sourcecode.swift; path = GFTextField.swift; sourceTree = "<group>"; };
		154D08972C30893B007DCEB1 /* FollowerListVC.swift */ = {isa = PBXFileReference; lastKnownFileType = sourcecode.swift; path = FollowerListVC.swift; sourceTree = "<group>"; };
		156C384E2C3200EA00FB164B /* UIViewController+Ext.swift */ = {isa = PBXFileReference; lastKnownFileType = sourcecode.swift; path = "UIViewController+Ext.swift"; sourceTree = "<group>"; };
		157529592C33409A0088A516 /* Follower.swift */ = {isa = PBXFileReference; lastKnownFileType = sourcecode.swift; path = Follower.swift; sourceTree = "<group>"; };
		1575295B2C3341620088A516 /* User.swift */ = {isa = PBXFileReference; lastKnownFileType = sourcecode.swift; path = User.swift; sourceTree = "<group>"; };
		1577F50C2C30E50D0090CEEC /* GFTitleLabel.swift */ = {isa = PBXFileReference; lastKnownFileType = sourcecode.swift; path = GFTitleLabel.swift; sourceTree = "<group>"; };
		1577F50E2C30E6BF0090CEEC /* GFBodyLabel.swift */ = {isa = PBXFileReference; lastKnownFileType = sourcecode.swift; path = GFBodyLabel.swift; sourceTree = "<group>"; };
		1577F5102C30E7A60090CEEC /* GFAlertVC.swift */ = {isa = PBXFileReference; lastKnownFileType = sourcecode.swift; path = GFAlertVC.swift; sourceTree = "<group>"; };
/* End PBXFileReference section */

/* Begin PBXFrameworksBuildPhase section */
		150FF3122C2DFC2500FA0C55 /* Frameworks */ = {
			isa = PBXFrameworksBuildPhase;
			buildActionMask = 2147483647;
			files = (
			);
			runOnlyForDeploymentPostprocessing = 0;
		};
/* End PBXFrameworksBuildPhase section */

/* Begin PBXGroup section */
		150FF30C2C2DFC2500FA0C55 = {
			isa = PBXGroup;
			children = (
				150FF3172C2DFC2500FA0C55 /* GitHubFollowers */,
				150FF3162C2DFC2500FA0C55 /* Products */,
			);
			sourceTree = "<group>";
		};
		150FF3162C2DFC2500FA0C55 /* Products */ = {
			isa = PBXGroup;
			children = (
				150FF3152C2DFC2500FA0C55 /* GitHubFollowers.app */,
			);
			name = Products;
			sourceTree = "<group>";
		};
		150FF3172C2DFC2500FA0C55 /* GitHubFollowers */ = {
			isa = PBXGroup;
			children = (
				157529582C33408C0088A516 /* Models */,
				157529552C33339B0088A516 /* CustomViews */,
				157529562C3333CD0088A516 /* Extensions */,
				157529542C3333660088A516 /* Screens */,
				157529572C33342B0088A516 /* Support */,
				150FF3262C2DFC2600FA0C55 /* Info.plist */,
			);
			path = GitHubFollowers;
			sourceTree = "<group>";
		};
		157529542C3333660088A516 /* Screens */ = {
			isa = PBXGroup;
			children = (
				150FF32E2C2E164900FA0C55 /* FavoritesListVC.swift */,
				154D08972C30893B007DCEB1 /* FollowerListVC.swift */,
				150FF32C2C2E06AA00FA0C55 /* SearchVC.swift */,
			);
			path = Screens;
			sourceTree = "<group>";
		};
		157529552C33339B0088A516 /* CustomViews */ = {
			isa = PBXGroup;
			children = (
				1577F5102C30E7A60090CEEC /* GFAlertVC.swift */,
				1577F50E2C30E6BF0090CEEC /* GFBodyLabel.swift */,
				150FF3302C2E27F100FA0C55 /* GFButton.swift */,
				150FF3322C2E59AD00FA0C55 /* GFTextField.swift */,
				1577F50C2C30E50D0090CEEC /* GFTitleLabel.swift */,
			);
			path = CustomViews;
			sourceTree = "<group>";
		};
		157529562C3333CD0088A516 /* Extensions */ = {
			isa = PBXGroup;
			children = (
				156C384E2C3200EA00FB164B /* UIViewController+Ext.swift */,
			);
			path = Extensions;
			sourceTree = "<group>";
		};
		157529572C33342B0088A516 /* Support */ = {
			isa = PBXGroup;
			children = (
				150FF3212C2DFC2600FA0C55 /* Assets.xcassets */,
				150FF3182C2DFC2500FA0C55 /* AppDelegate.swift */,
				150FF3232C2DFC2600FA0C55 /* LaunchScreen.storyboard */,
				150FF31A2C2DFC2500FA0C55 /* SceneDelegate.swift */,
			);
			path = Support;
			sourceTree = "<group>";
		};
		157529582C33408C0088A516 /* Models */ = {
			isa = PBXGroup;
			children = (
				157529592C33409A0088A516 /* Follower.swift */,
				1575295B2C3341620088A516 /* User.swift */,
			);
			path = Models;
			sourceTree = "<group>";
		};
/* End PBXGroup section */

/* Begin PBXNativeTarget section */
		150FF3142C2DFC2500FA0C55 /* GitHubFollowers */ = {
			isa = PBXNativeTarget;
			buildConfigurationList = 150FF3292C2DFC2600FA0C55 /* Build configuration list for PBXNativeTarget "GitHubFollowers" */;
			buildPhases = (
				150FF3112C2DFC2500FA0C55 /* Sources */,
				150FF3122C2DFC2500FA0C55 /* Frameworks */,
				150FF3132C2DFC2500FA0C55 /* Resources */,
			);
			buildRules = (
			);
			dependencies = (
			);
			name = GitHubFollowers;
			productName = GitHubFollowers;
			productReference = 150FF3152C2DFC2500FA0C55 /* GitHubFollowers.app */;
			productType = "com.apple.product-type.application";
		};
/* End PBXNativeTarget section */

/* Begin PBXProject section */
		150FF30D2C2DFC2500FA0C55 /* Project object */ = {
			isa = PBXProject;
			attributes = {
				BuildIndependentTargetsInParallel = 1;
				LastSwiftUpdateCheck = 1540;
				LastUpgradeCheck = 1540;
				TargetAttributes = {
					150FF3142C2DFC2500FA0C55 = {
						CreatedOnToolsVersion = 15.4;
					};
				};
			};
			buildConfigurationList = 150FF3102C2DFC2500FA0C55 /* Build configuration list for PBXProject "GitHubFollowers" */;
			compatibilityVersion = "Xcode 14.0";
			developmentRegion = en;
			hasScannedForEncodings = 0;
			knownRegions = (
				en,
				Base,
			);
			mainGroup = 150FF30C2C2DFC2500FA0C55;
			productRefGroup = 150FF3162C2DFC2500FA0C55 /* Products */;
			projectDirPath = "";
			projectRoot = "";
			targets = (
				150FF3142C2DFC2500FA0C55 /* GitHubFollowers */,
			);
		};
/* End PBXProject section */

/* Begin PBXResourcesBuildPhase section */
		150FF3132C2DFC2500FA0C55 /* Resources */ = {
			isa = PBXResourcesBuildPhase;
			buildActionMask = 2147483647;
			files = (
				150FF3222C2DFC2600FA0C55 /* Assets.xcassets in Resources */,
				150FF3252C2DFC2600FA0C55 /* Base in Resources */,
			);
			runOnlyForDeploymentPostprocessing = 0;
		};
/* End PBXResourcesBuildPhase section */

/* Begin PBXSourcesBuildPhase section */
		150FF3112C2DFC2500FA0C55 /* Sources */ = {
			isa = PBXSourcesBuildPhase;
			buildActionMask = 2147483647;
			files = (
				1575295C2C3341620088A516 /* User.swift in Sources */,
				150FF3332C2E59AD00FA0C55 /* GFTextField.swift in Sources */,
				150FF32F2C2E164900FA0C55 /* FavoritesListVC.swift in Sources */,
				150FF3312C2E27F100FA0C55 /* GFButton.swift in Sources */,
				156C384F2C3200EA00FB164B /* UIViewController+Ext.swift in Sources */,
				150FF32D2C2E06AA00FA0C55 /* SearchVC.swift in Sources */,
				1577F5112C30E7A60090CEEC /* GFAlertVC.swift in Sources */,
				1577F50F2C30E6BF0090CEEC /* GFBodyLabel.swift in Sources */,
				1575295A2C33409A0088A516 /* Follower.swift in Sources */,
				1577F50D2C30E50D0090CEEC /* GFTitleLabel.swift in Sources */,
				154D08982C30893B007DCEB1 /* FollowerListVC.swift in Sources */,
				150FF3192C2DFC2500FA0C55 /* AppDelegate.swift in Sources */,
				150FF31B2C2DFC2500FA0C55 /* SceneDelegate.swift in Sources */,
			);
			runOnlyForDeploymentPostprocessing = 0;
		};
/* End PBXSourcesBuildPhase section */

/* Begin PBXVariantGroup section */
		150FF3232C2DFC2600FA0C55 /* LaunchScreen.storyboard */ = {
			isa = PBXVariantGroup;
			children = (
				150FF3242C2DFC2600FA0C55 /* Base */,
			);
			name = LaunchScreen.storyboard;
			sourceTree = "<group>";
		};
/* End PBXVariantGroup section */

/* Begin XCBuildConfiguration section */
		150FF3272C2DFC2600FA0C55 /* Debug */ = {
			isa = XCBuildConfiguration;
			buildSettings = {
				ALWAYS_SEARCH_USER_PATHS = NO;
				ASSETCATALOG_COMPILER_GENERATE_SWIFT_ASSET_SYMBOL_EXTENSIONS = YES;
				CLANG_ANALYZER_NONNULL = YES;
				CLANG_ANALYZER_NUMBER_OBJECT_CONVERSION = YES_AGGRESSIVE;
				CLANG_CXX_LANGUAGE_STANDARD = "gnu++20";
				CLANG_ENABLE_MODULES = YES;
				CLANG_ENABLE_OBJC_ARC = YES;
				CLANG_ENABLE_OBJC_WEAK = YES;
				CLANG_WARN_BLOCK_CAPTURE_AUTORELEASING = YES;
				CLANG_WARN_BOOL_CONVERSION = YES;
				CLANG_WARN_COMMA = YES;
				CLANG_WARN_CONSTANT_CONVERSION = YES;
				CLANG_WARN_DEPRECATED_OBJC_IMPLEMENTATIONS = YES;
				CLANG_WARN_DIRECT_OBJC_ISA_USAGE = YES_ERROR;
				CLANG_WARN_DOCUMENTATION_COMMENTS = YES;
				CLANG_WARN_EMPTY_BODY = YES;
				CLANG_WARN_ENUM_CONVERSION = YES;
				CLANG_WARN_INFINITE_RECURSION = YES;
				CLANG_WARN_INT_CONVERSION = YES;
				CLANG_WARN_NON_LITERAL_NULL_CONVERSION = YES;
				CLANG_WARN_OBJC_IMPLICIT_RETAIN_SELF = YES;
				CLANG_WARN_OBJC_LITERAL_CONVERSION = YES;
				CLANG_WARN_OBJC_ROOT_CLASS = YES_ERROR;
				CLANG_WARN_QUOTED_INCLUDE_IN_FRAMEWORK_HEADER = YES;
				CLANG_WARN_RANGE_LOOP_ANALYSIS = YES;
				CLANG_WARN_STRICT_PROTOTYPES = YES;
				CLANG_WARN_SUSPICIOUS_MOVE = YES;
				CLANG_WARN_UNGUARDED_AVAILABILITY = YES_AGGRESSIVE;
				CLANG_WARN_UNREACHABLE_CODE = YES;
				CLANG_WARN__DUPLICATE_METHOD_MATCH = YES;
				COPY_PHASE_STRIP = NO;
				DEBUG_INFORMATION_FORMAT = dwarf;
				ENABLE_STRICT_OBJC_MSGSEND = YES;
				ENABLE_TESTABILITY = YES;
				ENABLE_USER_SCRIPT_SANDBOXING = YES;
				GCC_C_LANGUAGE_STANDARD = gnu17;
				GCC_DYNAMIC_NO_PIC = NO;
				GCC_NO_COMMON_BLOCKS = YES;
				GCC_OPTIMIZATION_LEVEL = 0;
				GCC_PREPROCESSOR_DEFINITIONS = (
					"DEBUG=1",
					"$(inherited)",
				);
				GCC_WARN_64_TO_32_BIT_CONVERSION = YES;
				GCC_WARN_ABOUT_RETURN_TYPE = YES_ERROR;
				GCC_WARN_UNDECLARED_SELECTOR = YES;
				GCC_WARN_UNINITIALIZED_AUTOS = YES_AGGRESSIVE;
				GCC_WARN_UNUSED_FUNCTION = YES;
				GCC_WARN_UNUSED_VARIABLE = YES;
				IPHONEOS_DEPLOYMENT_TARGET = 17.5;
				LOCALIZATION_PREFERS_STRING_CATALOGS = YES;
				MTL_ENABLE_DEBUG_INFO = INCLUDE_SOURCE;
				MTL_FAST_MATH = YES;
				ONLY_ACTIVE_ARCH = YES;
				SDKROOT = iphoneos;
				SWIFT_ACTIVE_COMPILATION_CONDITIONS = "DEBUG $(inherited)";
				SWIFT_OPTIMIZATION_LEVEL = "-Onone";
			};
			name = Debug;
		};
		150FF3282C2DFC2600FA0C55 /* Release */ = {
			isa = XCBuildConfiguration;
			buildSettings = {
				ALWAYS_SEARCH_USER_PATHS = NO;
				ASSETCATALOG_COMPILER_GENERATE_SWIFT_ASSET_SYMBOL_EXTENSIONS = YES;
				CLANG_ANALYZER_NONNULL = YES;
				CLANG_ANALYZER_NUMBER_OBJECT_CONVERSION = YES_AGGRESSIVE;
				CLANG_CXX_LANGUAGE_STANDARD = "gnu++20";
				CLANG_ENABLE_MODULES = YES;
				CLANG_ENABLE_OBJC_ARC = YES;
				CLANG_ENABLE_OBJC_WEAK = YES;
				CLANG_WARN_BLOCK_CAPTURE_AUTORELEASING = YES;
				CLANG_WARN_BOOL_CONVERSION = YES;
				CLANG_WARN_COMMA = YES;
				CLANG_WARN_CONSTANT_CONVERSION = YES;
				CLANG_WARN_DEPRECATED_OBJC_IMPLEMENTATIONS = YES;
				CLANG_WARN_DIRECT_OBJC_ISA_USAGE = YES_ERROR;
				CLANG_WARN_DOCUMENTATION_COMMENTS = YES;
				CLANG_WARN_EMPTY_BODY = YES;
				CLANG_WARN_ENUM_CONVERSION = YES;
				CLANG_WARN_INFINITE_RECURSION = YES;
				CLANG_WARN_INT_CONVERSION = YES;
				CLANG_WARN_NON_LITERAL_NULL_CONVERSION = YES;
				CLANG_WARN_OBJC_IMPLICIT_RETAIN_SELF = YES;
				CLANG_WARN_OBJC_LITERAL_CONVERSION = YES;
				CLANG_WARN_OBJC_ROOT_CLASS = YES_ERROR;
				CLANG_WARN_QUOTED_INCLUDE_IN_FRAMEWORK_HEADER = YES;
				CLANG_WARN_RANGE_LOOP_ANALYSIS = YES;
				CLANG_WARN_STRICT_PROTOTYPES = YES;
				CLANG_WARN_SUSPICIOUS_MOVE = YES;
				CLANG_WARN_UNGUARDED_AVAILABILITY = YES_AGGRESSIVE;
				CLANG_WARN_UNREACHABLE_CODE = YES;
				CLANG_WARN__DUPLICATE_METHOD_MATCH = YES;
				COPY_PHASE_STRIP = NO;
				DEBUG_INFORMATION_FORMAT = "dwarf-with-dsym";
				ENABLE_NS_ASSERTIONS = NO;
				ENABLE_STRICT_OBJC_MSGSEND = YES;
				ENABLE_USER_SCRIPT_SANDBOXING = YES;
				GCC_C_LANGUAGE_STANDARD = gnu17;
				GCC_NO_COMMON_BLOCKS = YES;
				GCC_WARN_64_TO_32_BIT_CONVERSION = YES;
				GCC_WARN_ABOUT_RETURN_TYPE = YES_ERROR;
				GCC_WARN_UNDECLARED_SELECTOR = YES;
				GCC_WARN_UNINITIALIZED_AUTOS = YES_AGGRESSIVE;
				GCC_WARN_UNUSED_FUNCTION = YES;
				GCC_WARN_UNUSED_VARIABLE = YES;
				IPHONEOS_DEPLOYMENT_TARGET = 17.5;
				LOCALIZATION_PREFERS_STRING_CATALOGS = YES;
				MTL_ENABLE_DEBUG_INFO = NO;
				MTL_FAST_MATH = YES;
				SDKROOT = iphoneos;
				SWIFT_COMPILATION_MODE = wholemodule;
				VALIDATE_PRODUCT = YES;
			};
			name = Release;
		};
		150FF32A2C2DFC2600FA0C55 /* Debug */ = {
			isa = XCBuildConfiguration;
			buildSettings = {
				ASSETCATALOG_COMPILER_APPICON_NAME = AppIcon;
				ASSETCATALOG_COMPILER_GLOBAL_ACCENT_COLOR_NAME = AccentColor;
				CODE_SIGN_STYLE = Automatic;
				CURRENT_PROJECT_VERSION = 1;
				DEVELOPMENT_TEAM = 6PD6X5F55R;
				GENERATE_INFOPLIST_FILE = YES;
				INFOPLIST_FILE = GitHubFollowers/Info.plist;
				INFOPLIST_KEY_UIApplicationSupportsIndirectInputEvents = YES;
				INFOPLIST_KEY_UILaunchStoryboardName = LaunchScreen;
				INFOPLIST_KEY_UISupportedInterfaceOrientations = "UIInterfaceOrientationLandscapeLeft UIInterfaceOrientationLandscapeRight UIInterfaceOrientationPortrait";
				INFOPLIST_KEY_UISupportedInterfaceOrientations_iPad = "UIInterfaceOrientationLandscapeLeft UIInterfaceOrientationLandscapeRight UIInterfaceOrientationPortrait UIInterfaceOrientationPortraitUpsideDown";
				LD_RUNPATH_SEARCH_PATHS = (
					"$(inherited)",
					"@executable_path/Frameworks",
				);
				MARKETING_VERSION = 1.0;
				PRODUCT_BUNDLE_IDENTIFIER = com.MyOrg.GitHubFollowers;
				PRODUCT_NAME = "$(TARGET_NAME)";
				SWIFT_EMIT_LOC_STRINGS = YES;
				SWIFT_VERSION = 5.0;
				TARGETED_DEVICE_FAMILY = "1,2";
			};
			name = Debug;
		};
		150FF32B2C2DFC2600FA0C55 /* Release */ = {
			isa = XCBuildConfiguration;
			buildSettings = {
				ASSETCATALOG_COMPILER_APPICON_NAME = AppIcon;
				ASSETCATALOG_COMPILER_GLOBAL_ACCENT_COLOR_NAME = AccentColor;
				CODE_SIGN_STYLE = Automatic;
				CURRENT_PROJECT_VERSION = 1;
				DEVELOPMENT_TEAM = 6PD6X5F55R;
				GENERATE_INFOPLIST_FILE = YES;
				INFOPLIST_FILE = GitHubFollowers/Info.plist;
				INFOPLIST_KEY_UIApplicationSupportsIndirectInputEvents = YES;
				INFOPLIST_KEY_UILaunchStoryboardName = LaunchScreen;
				INFOPLIST_KEY_UISupportedInterfaceOrientations = "UIInterfaceOrientationLandscapeLeft UIInterfaceOrientationLandscapeRight UIInterfaceOrientationPortrait";
				INFOPLIST_KEY_UISupportedInterfaceOrientations_iPad = "UIInterfaceOrientationLandscapeLeft UIInterfaceOrientationLandscapeRight UIInterfaceOrientationPortrait UIInterfaceOrientationPortraitUpsideDown";
				LD_RUNPATH_SEARCH_PATHS = (
					"$(inherited)",
					"@executable_path/Frameworks",
				);
				MARKETING_VERSION = 1.0;
				PRODUCT_BUNDLE_IDENTIFIER = com.MyOrg.GitHubFollowers;
				PRODUCT_NAME = "$(TARGET_NAME)";
				SWIFT_EMIT_LOC_STRINGS = YES;
				SWIFT_VERSION = 5.0;
				TARGETED_DEVICE_FAMILY = "1,2";
			};
			name = Release;
		};
/* End XCBuildConfiguration section */

/* Begin XCConfigurationList section */
		150FF3102C2DFC2500FA0C55 /* Build configuration list for PBXProject "GitHubFollowers" */ = {
			isa = XCConfigurationList;
			buildConfigurations = (
				150FF3272C2DFC2600FA0C55 /* Debug */,
				150FF3282C2DFC2600FA0C55 /* Release */,
			);
			defaultConfigurationIsVisible = 0;
			defaultConfigurationName = Release;
		};
		150FF3292C2DFC2600FA0C55 /* Build configuration list for PBXNativeTarget "GitHubFollowers" */ = {
			isa = XCConfigurationList;
			buildConfigurations = (
				150FF32A2C2DFC2600FA0C55 /* Debug */,
				150FF32B2C2DFC2600FA0C55 /* Release */,
			);
			defaultConfigurationIsVisible = 0;
			defaultConfigurationName = Release;
		};
/* End XCConfigurationList section */
	};
	rootObject = 150FF30D2C2DFC2500FA0C55 /* Project object */;
}
